PODS:
  - ChameleonFramework/Default (2.1.0)
  - ChameleonFramework/Swift (2.1.0):
    - ChameleonFramework/Default

DEPENDENCIES:
  - ChameleonFramework/Swift (from `https://github.com/ViccAlexander/Chameleon.git`)

EXTERNAL SOURCES:
  ChameleonFramework:
    :git: https://github.com/ViccAlexander/Chameleon.git

CHECKOUT OPTIONS:
  ChameleonFramework:
    :commit: 6dd284bde21ea2e7f9fd89bc36f40df16e16369d
    :git: https://github.com/ViccAlexander/Chameleon.git

SPEC CHECKSUMS:
  ChameleonFramework: d21a3cc247abfe5e37609a283a8238b03575cf64

PODFILE CHECKSUM: 3ee27c6d024d87012746f1b8b83f5164bb8a9eb1

COCOAPODS: 1.14.3
